[{<<"emqttc">>,
  {git,"https://github.com/emqtt/emqttc.git",
       {ref,"815ebeca103025bbb5eb8e4b2f6a5f79e1236d4c"}},
  0},
 {<<"gen_logger">>,
  {git,"https://github.com/emqtt/gen_logger.git",
       {ref,"530af9cc2babcb77c541d46af34a9879d4a5ac07"}},
  1},
 {<<"getopt">>,
  {git,"https://github.com/jcomellas/getopt.git",
       {ref,"68fe326f2c7585eb32a5b136dffc75428a53fc02"}},
  1},
 {<<"goldrush">>,
  {git,"https://github.com/basho/goldrush.git",
       {ref,"8f1b715d36b650ec1e1f5612c00e28af6ab0de82"}},
  3},
 {<<"jsx">>,
  {git,"https://github.com/talentdeficit/jsx.git",
       {ref,"3074d4865b3385a050badf7828ad31490d860df5"}},
  0},
 {<<"lager">>,
  {git,"git://github.com/basho/lager.git",
       {ref,"81eaef0ce98fdbf64ab95665e3bc2ec4b24c7dac"}},
  2},
 {<<"mysql">>,
  {git,"https://github.com/mysql-otp/mysql-otp",
       {ref,"5ad838fd1cfe11f0a7eb4e25d94f438c19c62630"}},
  0}].
